
Microsoft Visual Studio Solution File, Format Version 12.00
# Visual Studio 15
VisualStudioVersion = 15.0.28010.2019
MinimumVisualStudioVersion = 10.0.40219.1
Project("{FAE04EC0-301F-11D3-BF4B-00C04F79EFBC}") = "File Encrypt Dycrypt", "File Encrypt Dycrypt\File Encrypt Dycrypt.csproj", "{CEE12DA3-46B8-4867-AD17-D419A985EF23}"
EndProject
Global
	GlobalSection(SolutionConfigurationPlatforms) = preSolution
		Debug|Any CPU = Debug|Any CPU
		Release|Any CPU = Release|Any CPU
	EndGlobalSection
	GlobalSection(ProjectConfigurationPlatforms) = postSolution
		{CEE12DA3-46B8-4867-AD17-D419A985EF23}.Debug|Any CPU.ActiveCfg = Debug|Any CPU
		{CEE12DA3-46B8-4867-AD17-D419A985EF23}.Debug|Any CPU.Build.0 = Debug|Any CPU
		{CEE12DA3-46B8-4867-AD17-D419A985EF23}.Release|Any CPU.ActiveCfg = Release|Any CPU
		{CEE12DA3-46B8-4867-AD17-D419A985EF23}.Release|Any CPU.Build.0 = Release|Any CPU
	EndGlobalSection
	GlobalSection(SolutionProperties) = preSolution
		HideSolutionNode = FALSE
	EndGlobalSection
	GlobalSection(ExtensibilityGlobals) = postSolution
		SolutionGuid = {A361BB25-96C0-4DAE-A80A-CE7C7C0F35E4}
	EndGlobalSection
EndGlobal
